lockfileVersion: '9.0'

settings:
  autoInstallPeers: true
  excludeLinksFromLockfile: false

overrides:
  tailwindcss>nanoid: 3.3.7
  esbuild@<=0.24.2: '>=0.25.0'
  vite@>=5.2.6 <=5.4.20: '>=5.4.21'
  vite@>=7.1.0 <=7.1.10: '>=7.1.11'
  tar@=7.5.1: '>=7.5.2'
  pnpm@>=10.0.0 <10.26.0: '>=10.26.0'
  pnpm@<10.26.0: '>=10.26.0'
  pnpm@>=6.25.0 <10.27.0: '>=10.27.0'
  tar@<=7.5.3: '>=7.5.4'
  lodash-es@>=4.0.0 <=4.17.22: '>=4.17.23'
  lodash@>=4.0.0 <=4.17.22: '>=4.17.23'
  pnpm@<10.28.2: '>=10.28.2'
  pnpm@<10.28.1: '>=10.28.1'
  tar@<7.5.7: '>=7.5.7'
  mdast-util-to-hast@>=13.0.0 <13.2.1: '>=13.2.1'
  fast-xml-parser@>=5.0.9 <=5.3.3: '>=5.3.4'
  qs@>=6.7.0 <=6.14.1: '>=6.14.2'
  axios@>=1.0.0 <=1.13.4: '>=1.13.5'
  tar@<=7.5.2: '>=7.5.3'
  tar@<7.5.8: '>=7.5.8'
  rollup@>=4.0.0 <4.59.0: '>=4.59.0'
  fast-xml-parser@>=5.0.0 <5.3.5: '>=5.3.5'
  fast-xml-parser@>=5.0.0 <5.3.6: '>=5.3.6'
  serialize-javascript@<=7.0.2: '>=7.0.3'
  qs@<6.14.1: '>=6.14.1'
  tar@<=7.5.9: '>=7.5.10'
  fast-xml-parser@>=5.0.0 <5.3.8: '>=5.3.8'

importers:

  .:
    dependencies:
      '@anthropic-ai/sdk':
        specifier: ^0.90.0
        version: 0.90.0(zod@4.3.6)
      '@aws-sdk/client-s3':
        specifier: ^3.693.0
        version: 3.1019.0
      '@aws-sdk/s3-request-presigner':
        specifier: ^3.693.0
        version: 3.1019.0
      '@clerk/backend':
        specifier: ^3.2.4
        version: 3.2.4(react-dom@19.2.4(react@19.2.4))(react@19.2.4)
      '@clerk/clerk-react':
        specifier: ^5.61.3
        version: 5.61.3(react-dom@19.2.4(react@19.2.4))(react@19.2.4)
      '@hookform/resolvers':
        specifier: ^5.2.2
        version: 5.2.2(react-hook-form@7.72.0(react@19.2.4))
      '@napi-rs/canvas':
        specifier: ^1.0.0
        version: 1.0.0
      '@radix-ui/react-accordion':
        specifier: ^1.2.12
        version: 1.2.12(@types/react-dom@19.2.3(@types/react@19.2.14))(@types/react@19.2.14)(react-dom@19.2.4(react@19.2.4))(react@19.2.4)
      '@radix-ui/react-alert-dialog':
        specifier: ^1.1.15
        version: 1.1.15(@types/react-dom@19.2.3(@types/react@19.2.14))(@types/react@19.2.14)(react-dom@19.2.4(react@19.2.4))(react@19.2.4)
      '@radix-ui/react-aspect-ratio':
        specifier: ^1.1.7
        version: 1.1.8(@types/react-dom@19.2.3(@types/react@19.2.14))(@types/react@19.2.14)(react-dom@19.2.4(react@19.2.4))(react@19.2.4)
      '@radix-ui/react-avatar':
        specifier: ^1.1.10
        version: 1.1.11(@types/react-dom@19.2.3(@types/react@19.2.14))(@types/react@19.2.14)(react-dom@19.2.4(react@19.2.4))(react@19.2.4)
      '@radix-ui/react-checkbox':
        specifier: ^1.3.3
        version: 1.3.3(@types/react-dom@19.2.3(@types/react@19.2.14))(@types/react@19.2.14)(react-dom@19.2.4(react@19.2.4))(react@19.2.4)
      '@radix-ui/react-collapsible':
        specifier: ^1.1.12
        version: 1.1.12(@types/react-dom@19.2.3(@types/react@19.2.14))(@types/react@19.2.14)(react-dom@19.2.4(react@19.2.4))(react@19.2.4)
      '@radix-ui/react-context-menu':
        specifier: ^2.2.16
        version: 2.2.16(@types/react-dom@19.2.3(@types/react@19.2.14))(@types/react@19.2.14)(react-dom@19.2.4(react@19.2.4))(react@19.2.4)
      '@radix-ui/react-dialog':
        specifier: ^1.1.15
        version: 1.1.15(@types/react-dom@19.2.3(@types/react@19.2.14))(@types/react@19.2.14)(react-dom@19.2.4(react@19.2.4))(react@19.2.4)
      '@radix-ui/react-dropdown-menu':
        specifier: ^2.1.16
        version: 2.1.16(@types/react-dom@19.2.3(@types/react@19.2.14))(@types/react@19.2.14)(react-dom@19.2.4(react@19.2.4))(react@19.2.4)
      '@radix-ui/react-hover-card':
        specifier: ^1.1.15
        version: 1.1.15(@types/react-dom@19.2.3(@types/react@19.2.14))(@types/react@19.2.14)(react-dom@19.2.4(react@19.2.4))(react@19.2.4)
      '@radix-ui/react-label':
        specifier: ^2.1.7
        version: 2.1.8(@types/react-dom@19.2.3(@types/react@19.2.14))(@types/react@19.2.14)(react-dom@19.2.4(react@19.2.4))(react@19.2.4)
      '@radix-ui/react-menubar':
        specifier: ^1.1.16
        version: 1.1.16(@types/react-dom@19.2.3(@types/react@19.2.14))(@types/react@19.2.14)(react-dom@19.2.4(react@19.2.4))(react@19.2.4)
      '@radix-ui/react-navigation-menu':
        specifier: ^1.2.14
        version: 1.2.14(@types/react-dom@19.2.3(@types/react@19.2.14))(@types/react@19.2.14)(react-dom@19.2.4(react@19.2.4))(react@19.2.4)
      '@radix-ui/react-popover':
        specifier: ^1.1.15
        version: 1.1.15(@types/react-dom@19.2.3(@types/react@19.2.14))(@types/react@19.2.14)(react-dom@19.2.4(react@19.2.4))(react@19.2.4)
      '@radix-ui/react-progress':
        specifier: ^1.1.7
        version: 1.1.8(@types/react-dom@19.2.3(@types/react@19.2.14))(@types/react@19.2.14)(react-dom@19.2.4(react@19.2.4))(react@19.2.4)
      '@radix-ui/react-radio-group':
        specifier: ^1.3.8
        version: 1.3.8(@types/react-dom@19.2.3(@types/react@19.2.14))(@types/react@19.2.14)(react-dom@19.2.4(react@19.2.4))(react@19.2.4)
      '@radix-ui/react-scroll-area':
        specifier: ^1.2.10
        version: 1.2.10(@types/react-dom@19.2.3(@types/react@19.2.14))(@types/react@19.2.14)(react-dom@19.2.4(react@19.2.4))(react@19.2.4)
      '@radix-ui/react-select':
        specifier: ^2.2.6
        version: 2.2.6(@types/react-dom@19.2.3(@types/react@19.2.14))(@types/react@19.2.14)(react-dom@19.2.4(react@19.2.4))(react@19.2.4)
      '@radix-ui/react-separator':
        specifier: ^1.1.7
        version: 1.1.8(@types/react-dom@19.2.3(@types/react@19.2.14))(@types/react@19.2.14)(react-dom@19.2.4(react@19.2.4))(react@19.2.4)
      '@radix-ui/react-slider':
        specifier: ^1.3.6
        version: 1.3.6(@types/react-dom@19.2.3(@types/react@19.2.14))(@types/react@19.2.14)(react-dom@19.2.4(react@19.2.4))(react@19.2.4)
      '@radix-ui/react-slot':
        specifier: ^1.2.3
        version: 1.2.4(@types/react@19.2.14)(react@19.2.4)
      '@radix-ui/react-switch':
        specifier: ^1.2.6
        version: 1.2.6(@types/react-dom@19.2.3(@types/react@19.2.14))(@types/react@19.2.14)(react-dom@19.2.4(react@19.2.4))(react@19.2.4)
      '@radix-ui/react-tabs':
        specifier: ^1.1.13
        version: 1.1.13(@types/react-dom@19.2.3(@types/react@19.2.14))(@types/react@19.2.14)(react-dom@19.2.4(react@19.2.4))(react@19.2.4)
      '@radix-ui/react-toggle':
        specifier: ^1.1.10
        version: 1.1.10(@types/react-dom@19.2.3(@types/react@19.2.14))(@types/react@19.2.14)(react-dom@19.2.4(react@19.2.4))(react@19.2.4)
      '@radix-ui/react-toggle-group':
        specifier: ^1.1.11
        version: 1.1.11(@types/react-dom@19.2.3(@types/react@19.2.14))(@types/react@19.2.14)(react-dom@19.2.4(react@19.2.4))(react@19.2.4)
      '@radix-ui/react-tooltip':
        specifier: ^1.2.8
        version: 1.2.8(@types/react-dom@19.2.3(@types/react@19.2.14))(@types/react@19.2.14)(react-dom@19.2.4(react@19.2.4))(react@19.2.4)
      '@tanstack/react-query':
        specifier: ^5.90.2
        version: 5.95.2(react@19.2.4)
      '@trpc/client':
        specifier: ^11.6.0
        version: 11.16.0(@trpc/server@11.16.0(typescript@5.9.3))(typescript@5.9.3)
      '@trpc/react-query':
        specifier: ^11.6.0
        version: 11.16.0(@tanstack/react-query@5.95.2(react@19.2.4))(@trpc/client@11.16.0(@trpc/server@11.16.0(typescript@5.9.3))(typescript@5.9.3))(@trpc/server@11.16.0(typescript@5.9.3))(react@19.2.4)(typescript@5.9.3)
      '@trpc/server':
        specifier: ^11.6.0
        version: 11.16.0(typescript@5.9.3)
      '@types/qrcode':
        specifier: ^1.5.6
        version: 1.5.6
      '@types/sharp':
        specifier: ^0.32.0
        version: 0.32.0
      axios:
        specifier: '>=1.13.5'
        version: 1.14.0
      class-variance-authority:
        specifier: ^0.7.1
        version: 0.7.1
      clsx:
        specifier: ^2.1.1
        version: 2.1.1
      cmdk:
        specifier: ^1.1.1
        version: 1.1.1(@types/react-dom@19.2.3(@types/react@19.2.14))(@types/react@19.2.14)(react-dom@19.2.4(react@19.2.4))(react@19.2.4)
      cookie:
        specifier: ^1.0.2
        version: 1.1.1
      date-fns:
        specifier: ^4.1.0
        version: 4.1.0
      dotenv:
        specifier: ^17.2.2
        version: 17.3.1
      drizzle-orm:
        specifier: ^0.44.5
        version: 0.44.7(mysql2@3.20.0(@types/node@22.19.15))
      embla-carousel-react:
        specifier: ^8.6.0
        version: 8.6.0(react@19.2.4)
      exceljs:
        specifier: ^4.4.0
        version: 4.4.0
      express:
        specifier: ^4.21.2
        version: 4.22.1
      framer-motion:
        specifier: ^12.23.22
        version: 12.38.0(react-dom@19.2.4(react@19.2.4))(react@19.2.4)
      input-otp:
        specifier: ^1.4.2
        version: 1.4.2(react-dom@19.2.4(react@19.2.4))(react@19.2.4)
      jose:
        specifier: 6.1.0
        version: 6.1.0
      jspdf:
        specifier: ^4.2.0
        version: 4.2.1
      jspdf-autotable:
        specifier: ^5.0.7
        version: 5.0.7(jspdf@4.2.1)
      lucide-react:
        specifier: ^0.453.0
        version: 0.453.0(react@19.2.4)
      mysql2:
        specifier: ^3.15.0
        version: 3.20.0(@types/node@22.19.15)
      nanoid:
        specifier: ^5.1.5
        version: 5.1.7
      next-themes:
        specifier: ^0.4.6
        version: 0.4.6(react-dom@19.2.4(react@19.2.4))(react@19.2.4)
      p-queue:
        specifier: ^9.2.0
        version: 9.2.0
      pdfjs-dist:
        specifier: 4.4.168
        version: 4.4.168
      qrcode:
        specifier: ^1.5.4
        version: 1.5.4
      react:
        specifier: ^19.2.1
        version: 19.2.4
      react-day-picker:
        specifier: ^9.11.1
        version: 9.14.0(react@19.2.4)
      react-dom:
        specifier: ^19.2.1
        version: 19.2.4(react@19.2.4)
      react-hook-form:
        specifier: ^7.64.0
        version: 7.72.0(react@19.2.4)
      react-markdown:
        specifier: ^10.1.0
        version: 10.1.0(@types/react@19.2.14)(react@19.2.4)
      react-resizable-panels:
        specifier: ^3.0.6
        version: 3.0.6(react-dom@19.2.4(react@19.2.4))(react@19.2.4)
      react-swipeable:
        specifier: ^7.0.2
        version: 7.0.2(react@19.2.4)
      recharts:
        specifier: ^2.15.2
        version: 2.15.4(react-dom@19.2.4(react@19.2.4))(react@19.2.4)
      sharp:
        specifier: ^0.34.5
        version: 0.34.5
      sonner:
        specifier: ^2.0.7
        version: 2.0.7(react-dom@19.2.4(react@19.2.4))(react@19.2.4)
      streamdown:
        specifier: ^1.4.0
        version: 1.6.11(@types/mdast@4.0.4)(micromark-util-types@2.0.2)(micromark@4.0.2)(react@19.2.4)
      superjson:
        specifier: ^1.13.3
        version: 1.13.3
      tailwind-merge:
        specifier: ^3.3.1
        version: 3.5.0
      tailwindcss-animate:
        specifier: ^1.0.7
        version: 1.0.7(tailwindcss@4.2.2)
      uuid:
        specifier: ^13.0.0
        version: 13.0.0
      vaul:
        specifier: ^1.1.2
        version: 1.1.2(@types/react-dom@19.2.3(@types/react@19.2.14))(@types/react@19.2.14)(react-dom@19.2.4(react@19.2.4))(react@19.2.4)
      wouter:
        specifier: ^3.3.5
        version: 3.9.0(react@19.2.4)
      zod:
        specifier: ^4.1.12
        version: 4.3.6
    devDependencies:
      '@aws-sdk/client-kms':
        specifier: ^3.1001.0
        version: 3.1019.0
      '@builder.io/vite-plugin-jsx-loc':
        specifier: ^0.1.1
        version: 0.1.1(vite@8.0.3(@emnapi/core@1.9.1)(@emnapi/runtime@1.9.1)(@types/node@22.19.15)(esbuild@0.25.12)(jiti@2.6.1)(terser@5.46.1)(tsx@4.21.0))
      '@playwright/test':
        specifier: ^1.59.1
        version: 1.59.1
      '@tailwindcss/typography':
        specifier: ^0.5.15
        version: 0.5.19(tailwindcss@4.2.2)
      '@tailwindcss/vite':
        specifier: ^4.1.3
        version: 4.2.2(vite@8.0.3(@emnapi/core@1.9.1)(@emnapi/runtime@1.9.1)(@types/node@22.19.15)(esbuild@0.25.12)(jiti@2.6.1)(terser@5.46.1)(tsx@4.21.0))
      '@types/express':
        specifier: 4.17.21
        version: 4.17.21
      '@types/google.maps':
        specifier: ^3.58.1
        version: 3.58.1
      '@types/node':
        specifier: ^22.19.15
        version: 22.19.15
      '@types/react':
        specifier: ^19.2.1
        version: 19.2.14
      '@types/react-dom':
        specifier: ^19.2.1
        version: 19.2.3(@types/react@19.2.14)
      '@types/supertest':
        specifier: ^7.2.0
        version: 7.2.0
      '@types/uuid':
        specifier: ^11.0.0
        version: 11.0.0
      '@vitejs/plugin-react':
        specifier: ^5.0.4
        version: 5.2.0(vite@8.0.3(@emnapi/core@1.9.1)(@emnapi/runtime@1.9.1)(@types/node@22.19.15)(esbuild@0.25.12)(jiti@2.6.1)(terser@5.46.1)(tsx@4.21.0))
      add:
        specifier: ^2.0.6
        version: 2.0.6
      autoprefixer:
        specifier: ^10.4.20
        version: 10.4.27(postcss@8.5.8)
      drizzle-kit:
        specifier: ^0.31.4
        version: 0.31.10
      esbuild:
        specifier: ^0.25.0
        version: 0.25.12
      pnpm:
        specifier: '>=10.28.1'
        version: 10.33.0
      postcss:
        specifier: ^8.4.47
        version: 8.5.8
      prettier:
        specifier: ^3.6.2
        version: 3.8.1
      supertest:
        specifier: ^7.2.2
        version: 7.2.2
      tailwindcss:
        specifier: ^4.1.14
        version: 4.2.2
      tsx:
        specifier: ^4.19.1
        version: 4.21.0
      tw-animate-css:
        specifier: ^1.4.0
        version: 1.4.0
      typescript:
        specifier: 5.9.3
        version: 5.9.3
      vite:
        specifier: '>=7.1.11'
        version: 8.0.3(@emnapi/core@1.9.1)(@emnapi/runtime@1.9.1)(@types/node@22.19.15)(esbuild@0.25.12)(jiti@2.6.1)(terser@5.46.1)(tsx@4.21.0)
      vite-plugin-manus-runtime:
        specifier: ^0.0.57
        version: 0.0.57
      vite-plugin-pwa:
        specifier: ^1.2.0
        version: 1.2.0(vite@8.0.3(@emnapi/core@1.9.1)(@emnapi/runtime@1.9.1)(@types/node@22.19.15)(esbuild@0.25.12)(jiti@2.6.1)(terser@5.46.1)(tsx@4.21.0))(workbox-build@7.4.0(@types/babel__core@7.20.5))(workbox-window@7.4.0)
      vitest:
        specifier: ^4.0.18
        version: 4.1.2(@types/node@22.19.15)(vite@8.0.3(@emnapi/core@1.9.1)(@emnapi/runtime@1.9.1)(@types/node@22.19.15)(esbuild@0.25.12)(jiti@2.6.1)(terser@5.46.1)(tsx@4.21.0))
      workbox-window:
        specifier: ^7.4.0
        version: 7.4.0

packages:

  '@antfu/install-pkg@1.1.0':
    resolution: {integrity: sha512-MGQsmw10ZyI+EJo45CdSER4zEb+p31LpDAFp2Z3gkSd1yqVZGi0Ebx++YTEMonJy4oChEMLsxZ64j8FH6sSqtQ==}

  '@anthropic-ai/sdk@0.90.0':
    resolution: {integrity: sha512-MzZtPabJF1b0FTDl6Z6H5ljphPwACLGP13lu8MTiB8jXaW/YXlpOp+Po2cVou3MPM5+f5toyLnul9whKCy7fBg==}
    hasBin: true
    peerDependencies:
      zod: ^3.25.0 || ^4.0.0
    peerDependenciesMeta:
      zod:
        optional: true

  '@apideck/better-ajv-errors@0.3.7':
    resolution: {integrity: sha512-TajUJwGWbDwkCx/CZi7tRE8PVB7simCvKJfHUsSdvps+aTM/PDPP4gkLmKnc+x3CE//y9i/nj74GqdL/hwk7Iw==}
    engines: {node: '>=10'}
    peerDependencies:
      ajv: '>=8'

  '@aws-crypto/crc32@5.2.0':
    resolution: {integrity: sha512-nLbCWqQNgUiwwtFsen1AdzAtvuLRsQS8rYgMuxCrdKf9kOssamGLuPwyTY9wyYblNr9+1XM8v6zoDTPPSIeANg==}
    engines: {node: '>=16.0.0'}

  '@aws-crypto/crc32c@5.2.0':
    resolution: {integrity: sha512-+iWb8qaHLYKrNvGRbiYRHSdKRWhto5XlZUEBwDjYNf+ly5SVYG6zEoYIdxvf5R3zyeP16w4PLBn3rH1xc74Rag==}

  '@aws-crypto/sha1-browser@5.2.0':
    resolution: {integrity: sha512-OH6lveCFfcDjX4dbAvCFSYUjJZjDr/3XJ3xHtjn3Oj5b9RjojQo8npoLeA/bNwkOkrSQ0wgrHzXk4tDRxGKJeg==}

  '@aws-crypto/sha256-browser@5.2.0':
    resolution: {integrity: sha512-AXfN/lGotSQwu6HNcEsIASo7kWXZ5HYWvfOmSNKDsEqC4OashTp8alTmaz+F7TC2L083SFv5RdB+qU3Vs1kZqw==}

  '@aws-crypto/sha256-js@5.2.0':
    resolution: {integrity: sha512-FFQQyu7edu4ufvIZ+OadFpHHOt+eSTBaYaki44c+akjg7qZg9oOQeLlk77F6tSYqjDAFClrHJk9tMf0HdVyOvA==}
    engines: {node: '>=16.0.0'}

  '@aws-crypto/supports-web-crypto@5.2.0':
    resolution: {integrity: sha512-iAvUotm021kM33eCdNfwIN//F77/IADDSs58i+MDaOqFrVjZo9bAal0NK7HurRuWLLpF1iLX7gbWrjHjeo+YFg==}

  '@aws-crypto/util@5.2.0':
    resolution: {integrity: sha512-4RkU9EsI6ZpBve5fseQlGNUWKMa1RLPQ1dnjnQoe07ldfIzcsGb5hC5W0Dm7u423KWzawlrpbjXBrXCEv9zazQ==}

  '@aws-sdk/client-kms@3.1019.0':
    resolution: {integrity: sha512-RWw8dpKoPheZ7payiuuOAEtkpAQlQ7kmPImRXdJhVSGq17Hc9S4Pk7YDZKbXyu83FuJu3WBD0lxmGdcXR0TqVw==}
    engines: {node: '>=20.0.0'}

  '@aws-sdk/client-s3@3.1019.0':
    resolution: {integrity: sha512-0pb9x7PPhS4oEi4c0rL3vzQQoXA4cWKtPuGga/UfVYLZ68yrqdq0NDKg0fr55qzdhNvWFCpmGx73g9Iyy03kkA==}
    engines: {node: '>=20.0.0'}

  '@aws-sdk/core@3.973.25':
    resolution: {integrity: sha512-TNrx7eq6nKNOO62HWPqoBqPLXEkW6nLZQGwjL6lq1jZtigWYbK1NbCnT7mKDzbLMHZfuOECUt3n6CzxjUW9HWQ==}
    engines: {node: '>=20.0.0'}

  '@aws-sdk/crc64-nvme@3.972.5':
    resolution: {integrity: sha512-2VbTstbjKdT+yKi8m7b3a9CiVac+pL/IY2PHJwsaGkkHmuuqkJZIErPck1h6P3T9ghQMLSdMPyW6Qp7Di5swFg==}
    engines: {node: '>=20.0.0'}

  '@aws-sdk/credential-provider-env@3.972.23':
    resolution: {integrity: sha512-EamaclJcCEaPHp6wiVknNMM2RlsPMjAHSsYSFLNENBM8Wz92QPc6cOn3dif6vPDQt0Oo4IEghDy3NMDCzY/IvA==}
    engines: {node: '>=20.0.0'}

  '@aws-sdk/credential-provider-http@3.972.25':
    resolution: {integrity: sha512-qPymamdPcLp6ugoVocG1y5r69ScNiRzb0hogX25/ij+Wz7c7WnsgjLTaz7+eB5BfRxeyUwuw5hgULMuwOGOpcw==}
    engines: {node: '>=20.0.0'}

  '@aws-sdk/credential-provider-ini@3.972.26':
    resolution: {integrity: sha512-xKxEAMuP6GYx2y5GET+d3aGEroax3AgGfwBE65EQAUe090lzyJ/RzxPX9s8v7Z6qAk0XwfQl+LrmH05X7YvTeg==}
    engines: {node: '>=20.0.0'}

  '@aws-sdk/credential-provider-login@3.972.26':
    resolution: {integrity: sha512-EFcM8RM3TUxnZOfMJo++3PnyxFu1fL/huzmn3Vh+8IWRgqZawUD3cRwwOr+/4bE9DpyHaLOWFAjY0lfK5X9ZkQ==}
    engines: {node: '>=20.0.0'}

  '@aws-sdk/credential-provider-node@3.972.27':
    resolution: {integrity: sha512-jXpxSolfFnPVj6GCTtx3xIdWNoDR7hYC/0SbetGZxOC9UnNmipHeX1k6spVstf7eWJrMhXNQEgXC0pD1r5tXIg==}
    engines: {node: '>=20.0.0'}

  '@aws-sdk/credential-provider-process@3.972.23':
    resolution: {integrity: sha512-IL/TFW59++b7MpHserjUblGrdP5UXy5Ekqqx1XQkERXBFJcZr74I7VaSrQT5dxdRMU16xGK4L0RQ5fQG1pMgnA==}
    engines: {node: '>=20.0.0'}

  '@aws-sdk/credential-provider-sso@3.972.26':
    resolution: {integrity: sha512-c6ghvRb6gTlMznWhGxn/bpVCcp0HRaz4DobGVD9kI4vwHq186nU2xN/S7QGkm0lo0H2jQU8+dgpUFLxfTcwCOg==}
    engines: {node: '>=20.0.0'}

  '@aws-sdk/credential-provider-web-identity@3.972.26':
    resolution: {integrity: sha512-cXcS3+XD3iwhoXkM44AmxjmbcKueoLCINr1e+IceMmCySda5ysNIfiGBGe9qn5EMiQ9Jd7pP0AGFtcd6OV3Lvg==}
    engines: {node: '>=20.0.0'}

  '@aws-sdk/middleware-bucket-endpoint@3.972.8':
    resolution: {integrity: sha512-WR525Rr2QJSETa9a050isktyWi/4yIGcmY3BQ1kpHqb0LqUglQHCS8R27dTJxxWNZvQ0RVGtEZjTCbZJpyF3Aw==}
    engines: {node: '>=20.0.0'}

  '@aws-sdk/middleware-expect-continue@3.972.8':
    resolution: {integrity: sha512-5DTBTiotEES1e2jOHAq//zyzCjeMB78lEHd35u15qnrid4Nxm7diqIf9fQQ3Ov0ChH1V3Vvt13thOnrACmfGVQ==}
    engines: {node: '>=20.0.0'}

  '@aws-sdk/middleware-flexible-checksums@3.974.5':
    resolution: {integrity: sha512-SPSvF0G1t8m8CcB0L+ClNFszzQOvXaxmRj25oRWDf6aU+TuN2PXPFAJ9A6lt1IvX4oGAqqbTdMPTYs/SSHUYYQ==}
    engines: {node: '>=20.0.0'}

  '@aws-sdk/middleware-host-header@3.972.8':
    resolution: {integrity: sha512-wAr2REfKsqoKQ+OkNqvOShnBoh+nkPurDKW7uAeVSu6kUECnWlSJiPvnoqxGlfousEY/v9LfS9sNc46hjSYDIQ==}
    engines: {node: '>=20.0.0'}

  '@aws-sdk/middleware-location-constraint@3.972.8':
    resolution: {integrity: sha512-KaUoFuoFPziIa98DSQsTPeke1gvGXlc5ZGMhy+b+nLxZ4A7jmJgLzjEF95l8aOQN2T/qlPP3MrAyELm8ExXucw==}
    engines: {node: '>=20.0.0'}

  '@aws-sdk/middleware-logger@3.972.8':
    resolution: {integrity: sha512-CWl5UCM57WUFaFi5kB7IBY1UmOeLvNZAZ2/OZ5l20ldiJ3TiIz1pC65gYj8X0BCPWkeR1E32mpsCk1L1I4n+lA==}
    engines: {node: '>=20.0.0'}

  '@aws-sdk/middleware-recursion-detection@3.972.9':
    resolution: {integrity: sha512-/Wt5+CT8dpTFQxEJ9iGy/UGrXr7p2wlIOEHvIr/YcHYByzoLjrqkYqXdJjd9UIgWjv7eqV2HnFJen93UTuwfTQ==}
    engines: {node: '>=20.0.0'}

  '@aws-sdk/middleware-sdk-s3@3.972.26':
    resolution: {integrity: sha512-5q7UGSTtt7/KF0Os8wj2VZtlLxeWJVb0e2eDrDJlWot2EIxUNKDDMPFq/FowUqrwZ40rO2bu6BypxaKNvQhI+g==}
    engines: {node: '>=20.0.0'}

  '@aws-sdk/middleware-ssec@3.972.8':
    resolution: {integrity: sha512-wqlK0yO/TxEC2UsY9wIlqeeutF6jjLe0f96Pbm40XscTo57nImUk9lBcw0dPgsm0sppFtAkSlDrfpK+pC30Wqw==}
    engines: {node: '>=20.0.0'}

  '@aws-sdk/middleware-user-agent@3.972.26':
    resolution: {integrity: sha512-AilFIh4rI/2hKyyGN6XrB0yN96W2o7e7wyrPWCM6QjZM1mcC/pVkW3IWWRvuBWMpVP8Fg+rMpbzeLQ6dTM4gig==}